// !$*UTF8*$!
{
	archiveVersion = 1;
	classes = {
	};
	objectVersion = 46;
	objects = {

/* Begin PBXBuildFile section */
		BAF5039C18273F1E00CFD242 /* Foundation.framework in Frameworks */ = {isa = PBXBuildFile; fileRef = BAF5039B18273F1E00CFD242 /* Foundation.framework */; };
		BAF5039E18273F1E00CFD242 /* CoreGraphics.framework in Frameworks */ = {isa = PBXBuildFile; fileRef = BAF5039D18273F1E00CFD242 /* CoreGraphics.framework */; };
		BAF503A018273F1E00CFD242 /* UIKit.framework in Frameworks */ = {isa = PBXBuildFile; fileRef = BAF5039F18273F1E00CFD242 /* UIKit.framework */; };
		BAF503A618273F1E00CFD242 /* InfoPlist.strings in Resources */ = {isa = PBXBuildFile; fileRef = BAF503A418273F1E00CFD242 /* InfoPlist.strings */; };
		BAF503A818273F1E00CFD242 /* main.m in Sources */ = {isa = PBXBuildFile; fileRef = BAF503A718273F1E00CFD242 /* main.m */; };
		BAF503AC18273F1E00CFD242 /* Ma7chismoAppDelegate.m in Sources */ = {isa = PBXBuildFile; fileRef = BAF503AB18273F1E00CFD242 /* Ma7chismoAppDelegate.m */; };
		BAF503AF18273F1E00CFD242 /* Main.storyboard in Resources */ = {isa = PBXBuildFile; fileRef = BAF503AD18273F1E00CFD242 /* Main.storyboard */; };
		BAF503B218273F1E00CFD242 /* Ma7chismoViewController.m in Sources */ = {isa = PBXBuildFile; fileRef = BAF503B118273F1E00CFD242 /* Ma7chismoViewController.m */; };
		BAF503B418273F1E00CFD242 /* Images.xcassets in Resources */ = {isa = PBXBuildFile; fileRef = BAF503B318273F1E00CFD242 /* Images.xcassets */; };
		BAF503BB18273F1E00CFD242 /* XCTest.framework in Frameworks */ = {isa = PBXBuildFile; fileRef = BAF503BA18273F1E00CFD242 /* XCTest.framework */; };
		BAF503BC18273F1E00CFD242 /* Foundation.framework in Frameworks */ = {isa = PBXBuildFile; fileRef = BAF5039B18273F1E00CFD242 /* Foundation.framework */; };
		BAF503BD18273F1E00CFD242 /* UIKit.framework in Frameworks */ = {isa = PBXBuildFile; fileRef = BAF5039F18273F1E00CFD242 /* UIKit.framework */; };
		BAF503C518273F1E00CFD242 /* InfoPlist.strings in Resources */ = {isa = PBXBuildFile; fileRef = BAF503C318273F1E00CFD242 /* InfoPlist.strings */; };
		BAF503C718273F1E00CFD242 /* Ma7chismoTests.m in Sources */ = {isa = PBXBuildFile; fileRef = BAF503C618273F1E00CFD242 /* Ma7chismoTests.m */; };
/* End PBXBuildFile section */

/* Begin PBXContainerItemProxy section */
		BAF503BE18273F1E00CFD242 /* PBXContainerItemProxy */ = {
			isa = PBXContainerItemProxy;
			containerPortal = BAF5039018273F1E00CFD242 /* Project object */;
			proxyType = 1;
			remoteGlobalIDString = BAF5039718273F1E00CFD242;
			remoteInfo = Ma7chismo;
		};
/* End PBXContainerItemProxy section */

/* Begin PBXFileReference section */
		BAF5039818273F1E00CFD242 /* Ma7chismo.app */ = {isa = PBXFileReference; explicitFileType = wrapper.application; includeInIndex = 0; path = Ma7chismo.app; sourceTree = BUILT_PRODUCTS_DIR; };
		BAF5039B18273F1E00CFD242 /* Foundation.framework */ = {isa = PBXFileReference; lastKnownFileType = wrapper.framework; name = Foundation.framework; path = System/Library/Frameworks/Foundation.framework; sourceTree = SDKROOT; };
		BAF5039D18273F1E00CFD242 /* CoreGraphics.framework */ = {isa = PBXFileReference; lastKnownFileType = wrapper.framework; name = CoreGraphics.framework; path = System/Library/Frameworks/CoreGraphics.framework; sourceTree = SDKROOT; };
		BAF5039F18273F1E00CFD242 /* UIKit.framework */ = {isa = PBXFileReference; lastKnownFileType = wrapper.framework; name = UIKit.framework; path = System/Library/Frameworks/UIKit.framework; sourceTree = SDKROOT; };
		BAF503A318273F1E00CFD242 /* Ma7chismo-Info.plist */ = {isa = PBXFileReference; lastKnownFileType = text.plist.xml; path = "Ma7chismo-Info.plist"; sourceTree = "<group>"; };
		BAF503A518273F1E00CFD242 /* en */ = {isa = PBXFileReference; lastKnownFileType = text.plist.strings; name = en; path = en.lproj/InfoPlist.strings; sourceTree = "<group>"; };
		BAF503A718273F1E00CFD242 /* main.m */ = {isa = PBXFileReference; lastKnownFileType = sourcecode.c.objc; path = main.m; sourceTree = "<group>"; };
		BAF503A918273F1E00CFD242 /* Ma7chismo-Prefix.pch */ = {isa = PBXFileReference; lastKnownFileType = sourcecode.c.h; path = "Ma7chismo-Prefix.pch"; sourceTree = "<group>"; };
		BAF503AA18273F1E00CFD242 /* Ma7chismoAppDelegate.h */ = {isa = PBXFileReference; lastKnownFileType = sourcecode.c.h; path = Ma7chismoAppDelegate.h; sourceTree = "<group>"; };
		BAF503AB18273F1E00CFD242 /* Ma7chismoAppDelegate.m */ = {isa = PBXFileReference; lastKnownFileType = sourcecode.c.objc; path = Ma7chismoAppDelegate.m; sourceTree = "<group>"; };
		BAF503AE18273F1E00CFD242 /* Base */ = {isa = PBXFileReference; lastKnownFileType = file.storyboard; name = Base; path = Base.lproj/Main.storyboard; sourceTree = "<group>"; };
		BAF503B018273F1E00CFD242 /* Ma7chismoViewController.h */ = {isa = PBXFileReference; lastKnownFileType = sourcecode.c.h; path = Ma7chismoViewController.h; sourceTree = "<group>"; };
		BAF503B118273F1E00CFD242 /* Ma7chismoViewController.m */ = {isa = PBXFileReference; lastKnownFileType = sourcecode.c.objc; path = Ma7chismoViewController.m; sourceTree = "<group>"; };
		BAF503B318273F1E00CFD242 /* Images.xcassets */ = {isa = PBXFileReference; lastKnownFileType = folder.assetcatalog; path = Images.xcassets; sourceTree = "<group>"; };
		BAF503B918273F1E00CFD242 /* Ma7chismoTests.xctest */ = {isa = PBXFileReference; explicitFileType = wrapper.cfbundle; includeInIndex = 0; path = Ma7chismoTests.xctest; sourceTree = BUILT_PRODUCTS_DIR; };
		BAF503BA18273F1E00CFD242 /* XCTest.framework */ = {isa = PBXFileReference; lastKnownFileType = wrapper.framework; name = XCTest.framework; path = Library/Frameworks/XCTest.framework; sourceTree = DEVELOPER_DIR; };
		BAF503C218273F1E00CFD242 /* Ma7chismoTests-Info.plist */ = {isa = PBXFileReference; lastKnownFileType = text.plist.xml; path = "Ma7chismoTests-Info.plist"; sourceTree = "<group>"; };
		BAF503C418273F1E00CFD242 /* en */ = {isa = PBXFileReference; lastKnownFileType = text.plist.strings; name = en; path = en.lproj/InfoPlist.strings; sourceTree = "<group>"; };
		BAF503C618273F1E00CFD242 /* Ma7chismoTests.m */ = {isa = PBXFileReference; lastKnownFileType = sourcecode.c.objc; path = Ma7chismoTests.m; sourceTree = "<group>"; };
/* End PBXFileReference section */

/* Begin PBXFrameworksBuildPhase section */
		BAF5039518273F1E00CFD242 /* Frameworks */ = {
			isa = PBXFrameworksBuildPhase;
			buildActionMask = 2147483647;
			files = (
				BAF5039E18273F1E00CFD242 /* CoreGraphics.framework in Frameworks */,
				BAF503A018273F1E00CFD242 /* UIKit.framework in Frameworks */,
				BAF5039C18273F1E00CFD242 /* Foundation.framework in Frameworks */,
			);
			runOnlyForDeploymentPostprocessing = 0;
		};
		BAF503B618273F1E00CFD242 /* Frameworks */ = {
			isa = PBXFrameworksBuildPhase;
			buildActionMask = 2147483647;
			files = (
				BAF503BB18273F1E00CFD242 /* XCTest.framework in Frameworks */,
				BAF503BD18273F1E00CFD242 /* UIKit.framework in Frameworks */,
				BAF503BC18273F1E00CFD242 /* Foundation.framework in Frameworks */,
			);
			runOnlyForDeploymentPostprocessing = 0;
		};
/* End PBXFrameworksBuildPhase section */

/* Begin PBXGroup section */
		BAF5038F18273F1E00CFD242 = {
			isa = PBXGroup;
			children = (
				BAF503A118273F1E00CFD242 /* Ma7chismo */,
				BAF503C018273F1E00CFD242 /* Ma7chismoTests */,
				BAF5039A18273F1E00CFD242 /* Frameworks */,
				BAF5039918273F1E00CFD242 /* Products */,
			);
			sourceTree = "<group>";
		};
		BAF5039918273F1E00CFD242 /* Products */ = {
			isa = PBXGroup;
			children = (
				BAF5039818273F1E00CFD242 /* Ma7chismo.app */,
				BAF503B918273F1E00CFD242 /* Ma7chismoTests.xctest */,
			);
			name = Products;
			sourceTree = "<group>";
		};
		BAF5039A18273F1E00CFD242 /* Frameworks */ = {
			isa = PBXGroup;
			children = (
				BAF5039B18273F1E00CFD242 /* Foundation.framework */,
				BAF5039D18273F1E00CFD242 /* CoreGraphics.framework */,
				BAF5039F18273F1E00CFD242 /* UIKit.framework */,
				BAF503BA18273F1E00CFD242 /* XCTest.framework */,
			);
			name = Frameworks;
			sourceTree = "<group>";
		};
		BAF503A118273F1E00CFD242 /* Ma7chismo */ = {
			isa = PBXGroup;
			children = (
				BAF503AA18273F1E00CFD242 /* Ma7chismoAppDelegate.h */,
				BAF503AB18273F1E00CFD242 /* Ma7chismoAppDelegate.m */,
				BAF503AD18273F1E00CFD242 /* Main.storyboard */,
				BAF503B018273F1E00CFD242 /* Ma7chismoViewController.h */,
				BAF503B118273F1E00CFD242 /* Ma7chismoViewController.m */,
				BAF503B318273F1E00CFD242 /* Images.xcassets */,
				BAF503A218273F1E00CFD242 /* Supporting Files */,
			);
			path = Ma7chismo;
			sourceTree = "<group>";
		};
		BAF503A218273F1E00CFD242 /* Supporting Files */ = {
			isa = PBXGroup;
			children = (
				BAF503A318273F1E00CFD242 /* Ma7chismo-Info.plist */,
				BAF503A418273F1E00CFD242 /* InfoPlist.strings */,
				BAF503A718273F1E00CFD242 /* main.m */,
				BAF503A918273F1E00CFD242 /* Ma7chismo-Prefix.pch */,
			);
			name = "Supporting Files";
			sourceTree = "<group>";
		};
		BAF503C018273F1E00CFD242 /* Ma7chismoTests */ = {
			isa = PBXGroup;
			children = (
				BAF503C618273F1E00CFD242 /* Ma7chismoTests.m */,
				BAF503C118273F1E00CFD242 /* Supporting Files */,
			);
			path = Ma7chismoTests;
			sourceTree = "<group>";
		};
		BAF503C118273F1E00CFD242 /* Supporting Files */ = {
			isa = PBXGroup;
			children = (
				BAF503C218273F1E00CFD242 /* Ma7chismoTests-Info.plist */,
				BAF503C318273F1E00CFD242 /* InfoPlist.strings */,
			);
			name = "Supporting Files";
			sourceTree = "<group>";
		};
/* End PBXGroup section */

/* Begin PBXNativeTarget section */
		BAF5039718273F1E00CFD242 /* Ma7chismo */ = {
			isa = PBXNativeTarget;
			buildConfigurationList = BAF503CA18273F1E00CFD242 /* Build configuration list for PBXNativeTarget "Ma7chismo" */;
			buildPhases = (
				BAF5039418273F1E00CFD242 /* Sources */,
				BAF5039518273F1E00CFD242 /* Frameworks */,
				BAF5039618273F1E00CFD242 /* Resources */,
			);
			buildRules = (
			);
			dependencies = (
			);
			name = Ma7chismo;
			productName = Ma7chismo;
			productReference = BAF5039818273F1E00CFD242 /* Ma7chismo.app */;
			productType = "com.apple.product-type.application";
		};
		BAF503B818273F1E00CFD242 /* Ma7chismoTests */ = {
			isa = PBXNativeTarget;
			buildConfigurationList = BAF503CD18273F1E00CFD242 /* Build configuration list for PBXNativeTarget "Ma7chismoTests" */;
			buildPhases = (
				BAF503B518273F1E00CFD242 /* Sources */,
				BAF503B618273F1E00CFD242 /* Frameworks */,
				BAF503B718273F1E00CFD242 /* Resources */,
			);
			buildRules = (
			);
			dependencies = (
				BAF503BF18273F1E00CFD242 /* PBXTargetDependency */,
			);
			name = Ma7chismoTests;
			productName = Ma7chismoTests;
			productReference = BAF503B918273F1E00CFD242 /* Ma7chismoTests.xctest */;
			productType = "com.apple.product-type.bundle.unit-test";
		};
/* End PBXNativeTarget section */

/* Begin PBXProject section */
		BAF5039018273F1E00CFD242 /* Project object */ = {
			isa = PBXProject;
			attributes = {
				CLASSPREFIX = Ma7chismo;
				LastUpgradeCheck = 0500;
				ORGANIZATIONNAME = akshaybakshi;
				TargetAttributes = {
					BAF503B818273F1E00CFD242 = {
						TestTargetID = BAF5039718273F1E00CFD242;
					};
				};
			};
			buildConfigurationList = BAF5039318273F1E00CFD242 /* Build configuration list for PBXProject "Ma7chismo" */;
			compatibilityVersion = "Xcode 3.2";
			developmentRegion = English;
			hasScannedForEncodings = 0;
			knownRegions = (
				en,
				Base,
			);
			mainGroup = BAF5038F18273F1E00CFD242;
			productRefGroup = BAF5039918273F1E00CFD242 /* Products */;
			projectDirPath = "";
			projectRoot = "";
			targets = (
				BAF5039718273F1E00CFD242 /* Ma7chismo */,
				BAF503B818273F1E00CFD242 /* Ma7chismoTests */,
			);
		};
/* End PBXProject section */

/* Begin PBXResourcesBuildPhase section */
		BAF5039618273F1E00CFD242 /* Resources */ = {
			isa = PBXResourcesBuildPhase;
			buildActionMask = 2147483647;
			files = (
				BAF503B418273F1E00CFD242 /* Images.xcassets in Resources */,
				BAF503A618273F1E00CFD242 /* InfoPlist.strings in Resources */,
				BAF503AF18273F1E00CFD242 /* Main.storyboard in Resources */,
			);
			runOnlyForDeploymentPostprocessing = 0;
		};
		BAF503B718273F1E00CFD242 /* Resources */ = {
			isa = PBXResourcesBuildPhase;
			buildActionMask = 2147483647;
			files = (
				BAF503C518273F1E00CFD242 /* InfoPlist.strings in Resources */,
			);
			runOnlyForDeploymentPostprocessing = 0;
		};
/* End PBXResourcesBuildPhase section */

/* Begin PBXSourcesBuildPhase section */
		BAF5039418273F1E00CFD242 /* Sources */ = {
			isa = PBXSourcesBuildPhase;
			buildActionMask = 2147483647;
			files = (
				BAF503A818273F1E00CFD242 /* main.m in Sources */,
				BAF503B218273F1E00CFD242 /* Ma7chismoViewController.m in Sources */,
				BAF503AC18273F1E00CFD242 /* Ma7chismoAppDelegate.m in Sources */,
			);
			runOnlyForDeploymentPostprocessing = 0;
		};
		BAF503B518273F1E00CFD242 /* Sources */ = {
			isa = PBXSourcesBuildPhase;
			buildActionMask = 2147483647;
			files = (
				BAF503C718273F1E00CFD242 /* Ma7chismoTests.m in Sources */,
			);
			runOnlyForDeploymentPostprocessing = 0;
		};
/* End PBXSourcesBuildPhase section */

/* Begin PBXTargetDependency section */
		BAF503BF18273F1E00CFD242 /* PBXTargetDependency */ = {
			isa = PBXTargetDependency;
			target = BAF5039718273F1E00CFD242 /* Ma7chismo */;
			targetProxy = BAF503BE18273F1E00CFD242 /* PBXContainerItemProxy */;
		};
/* End PBXTargetDependency section */

/* Begin PBXVariantGroup section */
		BAF503A418273F1E00CFD242 /* InfoPlist.strings */ = {
			isa = PBXVariantGroup;
			children = (
				BAF503A518273F1E00CFD242 /* en */,
			);
			name = InfoPlist.strings;
			sourceTree = "<group>";
		};
		BAF503AD18273F1E00CFD242 /* Main.storyboard */ = {
			isa = PBXVariantGroup;
			children = (
				BAF503AE18273F1E00CFD242 /* Base */,
			);
			name = Main.storyboard;
			sourceTree = "<group>";
		};
		BAF503C318273F1E00CFD242 /* InfoPlist.strings */ = {
			isa = PBXVariantGroup;
			children = (
				BAF503C418273F1E00CFD242 /* en */,
			);
			name = InfoPlist.strings;
			sourceTree = "<group>";
		};
/* End PBXVariantGroup section */

/* Begin XCBuildConfiguration section */
		BAF503C818273F1E00CFD242 /* Debug */ = {
			isa = XCBuildConfiguration;
			buildSettings = {
				ALWAYS_SEARCH_USER_PATHS = NO;
				ARCHS = "$(ARCHS_STANDARD_INCLUDING_64_BIT)";
				CLANG_CXX_LANGUAGE_STANDARD = "gnu++0x";
				CLANG_CXX_LIBRARY = "libc++";
				CLANG_ENABLE_MODULES = YES;
				CLANG_ENABLE_OBJC_ARC = YES;
				CLANG_WARN_BOOL_CONVERSION = YES;
				CLANG_WARN_CONSTANT_CONVERSION = YES;
				CLANG_WARN_DIRECT_OBJC_ISA_USAGE = YES_ERROR;
				CLANG_WARN_EMPTY_BODY = YES;
				CLANG_WARN_ENUM_CONVERSION = YES;
				CLANG_WARN_INT_CONVERSION = YES;
				CLANG_WARN_OBJC_ROOT_CLASS = YES_ERROR;
				CLANG_WARN__DUPLICATE_METHOD_MATCH = YES;
				"CODE_SIGN_IDENTITY[sdk=iphoneos*]" = "iPhone Developer";
				COPY_PHASE_STRIP = NO;
				GCC_C_LANGUAGE_STANDARD = gnu99;
				GCC_DYNAMIC_NO_PIC = NO;
				GCC_OPTIMIZATION_LEVEL = 0;
				GCC_PREPROCESSOR_DEFINITIONS = (
					"DEBUG=1",
					"$(inherited)",
				);
				GCC_SYMBOLS_PRIVATE_EXTERN = NO;
				GCC_WARN_64_TO_32_BIT_CONVERSION = YES;
				GCC_WARN_ABOUT_RETURN_TYPE = YES_ERROR;
				GCC_WARN_UNDECLARED_SELECTOR = YES;
				GCC_WARN_UNINITIALIZED_AUTOS = YES;
				GCC_WARN_UNUSED_FUNCTION = YES;
				GCC_WARN_UNUSED_VARIABLE = YES;
				IPHONEOS_DEPLOYMENT_TARGET = 7.0;
				ONLY_ACTIVE_ARCH = YES;
				SDKROOT = iphoneos;
			};
			name = Debug;
		};
		BAF503C918273F1E00CFD242 /* Release */ = {
			isa = XCBuildConfiguration;
			buildSettings = {
				ALWAYS_SEARCH_USER_PATHS = NO;
				ARCHS = "$(ARCHS_STANDARD_INCLUDING_64_BIT)";
				CLANG_CXX_LANGUAGE_STANDARD = "gnu++0x";
				CLANG_CXX_LIBRARY = "libc++";
				CLANG_ENABLE_MODULES = YES;
				CLANG_ENABLE_OBJC_ARC = YES;
				CLANG_WARN_BOOL_CONVERSION = YES;
				CLANG_WARN_CONSTANT_CONVERSION = YES;
				CLANG_WARN_DIRECT_OBJC_ISA_USAGE = YES_ERROR;
				CLANG_WARN_EMPTY_BODY = YES;
				CLANG_WARN_ENUM_CONVERSION = YES;
				CLANG_WARN_INT_CONVERSION = YES;
				CLANG_WARN_OBJC_ROOT_CLASS = YES_ERROR;
				CLANG_WARN__DUPLICATE_METHOD_MATCH = YES;
				"CODE_SIGN_IDENTITY[sdk=iphoneos*]" = "iPhone Developer";
				COPY_PHASE_STRIP = YES;
				ENABLE_NS_ASSERTIONS = NO;
				GCC_C_LANGUAGE_STANDARD = gnu99;
				GCC_WARN_64_TO_32_BIT_CONVERSION = YES;
				GCC_WARN_ABOUT_RETURN_TYPE = YES_ERROR;
				GCC_WARN_UNDECLARED_SELECTOR = YES;
				GCC_WARN_UNINITIALIZED_AUTOS = YES;
				GCC_WARN_UNUSED_FUNCTION = YES;
				GCC_WARN_UNUSED_VARIABLE = YES;
				IPHONEOS_DEPLOYMENT_TARGET = 7.0;
				SDKROOT = iphoneos;
				VALIDATE_PRODUCT = YES;
			};
			name = Release;
		};
		BAF503CB18273F1E00CFD242 /* Debug */ = {
			isa = XCBuildConfiguration;
			buildSettings = {
				ASSETCATALOG_COMPILER_APPICON_NAME = AppIcon;
				ASSETCATALOG_COMPILER_LAUNCHIMAGE_NAME = LaunchImage;
				GCC_PRECOMPILE_PREFIX_HEADER = YES;
				GCC_PREFIX_HEADER = "Ma7chismo/Ma7chismo-Prefix.pch";
				INFOPLIST_FILE = "Ma7chismo/Ma7chismo-Info.plist";
				PRODUCT_NAME = "$(TARGET_NAME)";
				WRAPPER_EXTENSION = app;
			};
			name = Debug;
		};
		BAF503CC18273F1E00CFD242 /* Release */ = {
			isa = XCBuildConfiguration;
			buildSettings = {
				ASSETCATALOG_COMPILER_APPICON_NAME = AppIcon;
				ASSETCATALOG_COMPILER_LAUNCHIMAGE_NAME = LaunchImage;
				GCC_PRECOMPILE_PREFIX_HEADER = YES;
				GCC_PREFIX_HEADER = "Ma7chismo/Ma7chismo-Prefix.pch";
				INFOPLIST_FILE = "Ma7chismo/Ma7chismo-Info.plist";
				PRODUCT_NAME = "$(TARGET_NAME)";
				WRAPPER_EXTENSION = app;
			};
			name = Release;
		};
		BAF503CE18273F1E00CFD242 /* Debug */ = {
			isa = XCBuildConfiguration;
			buildSettings = {
				ARCHS = "$(ARCHS_STANDARD_INCLUDING_64_BIT)";
				BUNDLE_LOADER = "$(BUILT_PRODUCTS_DIR)/Ma7chismo.app/Ma7chismo";
				FRAMEWORK_SEARCH_PATHS = (
					"$(SDKROOT)/Developer/Library/Frameworks",
					"$(inherited)",
					"$(DEVELOPER_FRAMEWORKS_DIR)",
				);
				GCC_PRECOMPILE_PREFIX_HEADER = YES;
				GCC_PREFIX_HEADER = "Ma7chismo/Ma7chismo-Prefix.pch";
				GCC_PREPROCESSOR_DEFINITIONS = (
					"DEBUG=1",
					"$(inherited)",
				);
				INFOPLIST_FILE = "Ma7chismoTests/Ma7chismoTests-Info.plist";
				PRODUCT_NAME = "$(TARGET_NAME)";
				TEST_HOST = "$(BUNDLE_LOADER)";
				WRAPPER_EXTENSION = xctest;
			};
			name = Debug;
		};
		BAF503CF18273F1E00CFD242 /* Release */ = {
			isa = XCBuildConfiguration;
			buildSettings = {
				ARCHS = "$(ARCHS_STANDARD_INCLUDING_64_BIT)";
				BUNDLE_LOADER = "$(BUILT_PRODUCTS_DIR)/Ma7chismo.app/Ma7chismo";
				FRAMEWORK_SEARCH_PATHS = (
					"$(SDKROOT)/Developer/Library/Frameworks",
					"$(inherited)",
					"$(DEVELOPER_FRAMEWORKS_DIR)",
				);
				GCC_PRECOMPILE_PREFIX_HEADER = YES;
				GCC_PREFIX_HEADER = "Ma7chismo/Ma7chismo-Prefix.pch";
				INFOPLIST_FILE = "Ma7chismoTests/Ma7chismoTests-Info.plist";
				PRODUCT_NAME = "$(TARGET_NAME)";
				TEST_HOST = "$(BUNDLE_LOADER)";
				WRAPPER_EXTENSION = xctest;
			};
			name = Release;
		};
/* End XCBuildConfiguration section */

/* Begin XCConfigurationList section */
		BAF5039318273F1E00CFD242 /* Build configuration list for PBXProject "Ma7chismo" */ = {
			isa = XCConfigurationList;
			buildConfigurations = (
				BAF503C818273F1E00CFD242 /* Debug */,
				BAF503C918273F1E00CFD242 /* Release */,
			);
			defaultConfigurationIsVisible = 0;
			defaultConfigurationName = Release;
		};
		BAF503CA18273F1E00CFD242 /* Build configuration list for PBXNativeTarget "Ma7chismo" */ = {
			isa = XCConfigurationList;
			buildConfigurations = (
				BAF503CB18273F1E00CFD242 /* Debug */,
				BAF503CC18273F1E00CFD242 /* Release */,
			);
			defaultConfigurationIsVisible = 0;
		};
		BAF503CD18273F1E00CFD242 /* Build configuration list for PBXNativeTarget "Ma7chismoTests" */ = {
			isa = XCConfigurationList;
			buildConfigurations = (
				BAF503CE18273F1E00CFD242 /* Debug */,
				BAF503CF18273F1E00CFD242 /* Release */,
			);
			defaultConfigurationIsVisible = 0;
		};
/* End XCConfigurationList section */
	};
	rootObject = BAF5039018273F1E00CFD242 /* Project object */;
}
